
Microsoft Visual Studio Solution File, Format Version 12.00
Project("{2150E333-8FDC-42A3-9474-1A3956D46DE8}") = "Extras", "Extras", "{9A500378-4A6A-4024-B63E-66B3B55CD5C4}"
	ProjectSection(SolutionItems) = preProject
		.github\workflows\ci.yml = .github\workflows\ci.yml
		Tennisi.Xunit.ParallelTestFramework.UI\build\Tennisi.Xunit.ParallelTestFramework.UI.props = Tennisi.Xunit.ParallelTestFramework.UI\build\Tennisi.Xunit.ParallelTestFramework.UI.props
	EndProjectSection
EndProject
Project("{FAE04EC0-301F-11D3-BF4B-00C04F79EFBC}") = "Tennisi.Xunit.ParallelTestFramework.UI.Tests", "Tennisi.Xunit.ParallelTestFramework.UI.Tests\Tennisi.Xunit.ParallelTestFramework.UI.Tests.csproj", "{6A473E9C-04B7-4DE4-A78D-6AA05C130722}"
EndProject
Project("{FAE04EC0-301F-11D3-BF4B-00C04F79EFBC}") = "Tennisi.Xunit.ParallelTestFramework.UI", "Tennisi.Xunit.ParallelTestFramework.UI\Tennisi.Xunit.ParallelTestFramework.UI.csproj", "{1797CCF9-DFB7-4654-A239-5E8FD80101C3}"
EndProject
Project("{FAE04EC0-301F-11D3-BF4B-00C04F79EFBC}") = "Tennisi.Xunit.ParallelTestFramework", "Tennisi.Xunit.ParallelTestFramework\Tennisi.Xunit.ParallelTestFramework.csproj", "{7E4413F9-963D-46D4-86B9-70255C3B545F}"
EndProject
Project("{FAE04EC0-301F-11D3-BF4B-00C04F79EFBC}") = "Tennisi.Xunit.ParallelTestFramework.Tests", "Tennisi.Xunit.ParallelTestFramework.Tests\Tennisi.Xunit.ParallelTestFramework.Tests.csproj", "{FB0E14A2-3D67-4021-A2B4-D173430CB582}"
EndProject
Global
	GlobalSection(SolutionConfigurationPlatforms) = preSolution
		Debug|Any CPU = Debug|Any CPU
		Release|Any CPU = Release|Any CPU
	EndGlobalSection
	GlobalSection(ProjectConfigurationPlatforms) = postSolution
		{6A473E9C-04B7-4DE4-A78D-6AA05C130722}.Debug|Any CPU.ActiveCfg = Debug|Any CPU
		{6A473E9C-04B7-4DE4-A78D-6AA05C130722}.Debug|Any CPU.Build.0 = Debug|Any CPU
		{6A473E9C-04B7-4DE4-A78D-6AA05C130722}.Release|Any CPU.ActiveCfg = Release|Any CPU
		{6A473E9C-04B7-4DE4-A78D-6AA05C130722}.Release|Any CPU.Build.0 = Release|Any CPU
		{1797CCF9-DFB7-4654-A239-5E8FD80101C3}.Debug|Any CPU.ActiveCfg = Debug|Any CPU
		{1797CCF9-DFB7-4654-A239-5E8FD80101C3}.Debug|Any CPU.Build.0 = Debug|Any CPU
		{1797CCF9-DFB7-4654-A239-5E8FD80101C3}.Release|Any CPU.ActiveCfg = Release|Any CPU
		{1797CCF9-DFB7-4654-A239-5E8FD80101C3}.Release|Any CPU.Build.0 = Release|Any CPU
		{7E4413F9-963D-46D4-86B9-70255C3B545F}.Debug|Any CPU.ActiveCfg = Debug|Any CPU
		{7E4413F9-963D-46D4-86B9-70255C3B545F}.Debug|Any CPU.Build.0 = Debug|Any CPU
		{7E4413F9-963D-46D4-86B9-70255C3B545F}.Release|Any CPU.ActiveCfg = Release|Any CPU
		{7E4413F9-963D-46D4-86B9-70255C3B545F}.Release|Any CPU.Build.0 = Release|Any CPU
		{FB0E14A2-3D67-4021-A2B4-D173430CB582}.Debug|Any CPU.ActiveCfg = Debug|Any CPU
		{FB0E14A2-3D67-4021-A2B4-D173430CB582}.Debug|Any CPU.Build.0 = Debug|Any CPU
		{FB0E14A2-3D67-4021-A2B4-D173430CB582}.Release|Any CPU.ActiveCfg = Release|Any CPU
		{FB0E14A2-3D67-4021-A2B4-D173430CB582}.Release|Any CPU.Build.0 = Release|Any CPU
	EndGlobalSection
EndGlobal
